
Microsoft Visual Studio Solution File, Format Version 12.00
# Visual Studio 15
VisualStudioVersion = 15.0.28307.779
MinimumVisualStudioVersion = 10.0.40219.1
Project("{FAE04EC0-301F-11D3-BF4B-00C04F79EFBC}") = "ShortUrlForm", "ShortUrlForm\ShortUrlForm.csproj", "{327DC731-3770-4120-B563-7A302D56864D}"
	ProjectSection(ProjectDependencies) = postProject
		{737B2ED4-0032-4A6D-AB4A-7BC0960BFBAC} = {737B2ED4-0032-4A6D-AB4A-7BC0960BFBAC}
	EndProjectSection
EndProject
Project("{FAE04EC0-301F-11D3-BF4B-00C04F79EFBC}") = "DataLayer", "DataLayer\DataLayer.csproj", "{737B2ED4-0032-4A6D-AB4A-7BC0960BFBAC}"
EndProject
Global
	GlobalSection(SolutionConfigurationPlatforms) = preSolution
		Debug|Any CPU = Debug|Any CPU
		Release|Any CPU = Release|Any CPU
	EndGlobalSection
	GlobalSection(ProjectConfigurationPlatforms) = postSolution
		{327DC731-3770-4120-B563-7A302D56864D}.Debug|Any CPU.ActiveCfg = Debug|Any CPU
		{327DC731-3770-4120-B563-7A302D56864D}.Debug|Any CPU.Build.0 = Debug|Any CPU
		{327DC731-3770-4120-B563-7A302D56864D}.Release|Any CPU.ActiveCfg = Release|Any CPU
		{327DC731-3770-4120-B563-7A302D56864D}.Release|Any CPU.Build.0 = Release|Any CPU
		{737B2ED4-0032-4A6D-AB4A-7BC0960BFBAC}.Debug|Any CPU.ActiveCfg = Debug|Any CPU
		{737B2ED4-0032-4A6D-AB4A-7BC0960BFBAC}.Debug|Any CPU.Build.0 = Debug|Any CPU
		{737B2ED4-0032-4A6D-AB4A-7BC0960BFBAC}.Release|Any CPU.ActiveCfg = Release|Any CPU
		{737B2ED4-0032-4A6D-AB4A-7BC0960BFBAC}.Release|Any CPU.Build.0 = Release|Any CPU
	EndGlobalSection
	GlobalSection(SolutionProperties) = preSolution
		HideSolutionNode = FALSE
	EndGlobalSection
	GlobalSection(ExtensibilityGlobals) = postSolution
		SolutionGuid = {BB7A65B7-921E-4E86-80BA-3A101146B0B5}
	EndGlobalSection
EndGlobal
